// !$*UTF8*$!
{
	archiveVersion = 1;
	classes = {
	};
	objectVersion = 56;
	objects = {

/* Begin PBXBuildFile section */
		C32A770E29B4922C00ED5FDB /* FractalTreePrototypeApp.swift in Sources */ = {isa = PBXBuildFile; fileRef = C32A770D29B4922C00ED5FDB /* FractalTreePrototypeApp.swift */; };
		C32A771029B4922C00ED5FDB /* MainSceneView.swift in Sources */ = {isa = PBXBuildFile; fileRef = C32A770F29B4922C00ED5FDB /* MainSceneView.swift */; };
		C32A771229B4923000ED5FDB /* Assets.xcassets in Resources */ = {isa = PBXBuildFile; fileRef = C32A771129B4923000ED5FDB /* Assets.xcassets */; };
		C32A771529B4923000ED5FDB /* Preview Assets.xcassets in Resources */ = {isa = PBXBuildFile; fileRef = C32A771429B4923000ED5FDB /* Preview Assets.xcassets */; };
		C32A771C29B492A100ED5FDB /* StageView.swift in Sources */ = {isa = PBXBuildFile; fileRef = C32A771B29B492A100ED5FDB /* StageView.swift */; };
		C32A771E29B492C400ED5FDB /* BackgroundView.swift in Sources */ = {isa = PBXBuildFile; fileRef = C32A771D29B492C400ED5FDB /* BackgroundView.swift */; };
		C32A772029B492E000ED5FDB /* Branch.swift in Sources */ = {isa = PBXBuildFile; fileRef = C32A771F29B492E000ED5FDB /* Branch.swift */; };
		C32A772229B492EE00ED5FDB /* FractalTree.swift in Sources */ = {isa = PBXBuildFile; fileRef = C32A772129B492EE00ED5FDB /* FractalTree.swift */; };
		C32A772429B4937B00ED5FDB /* Basic.swift in Sources */ = {isa = PBXBuildFile; fileRef = C32A772329B4937B00ED5FDB /* Basic.swift */; };
/* End PBXBuildFile section */

/* Begin PBXFileReference section */
		C32A770A29B4922C00ED5FDB /* FractalTreePrototype.app */ = {isa = PBXFileReference; explicitFileType = wrapper.application; includeInIndex = 0; path = FractalTreePrototype.app; sourceTree = BUILT_PRODUCTS_DIR; };
		C32A770D29B4922C00ED5FDB /* FractalTreePrototypeApp.swift */ = {isa = PBXFileReference; lastKnownFileType = sourcecode.swift; path = FractalTreePrototypeApp.swift; sourceTree = "<group>"; };
		C32A770F29B4922C00ED5FDB /* MainSceneView.swift */ = {isa = PBXFileReference; lastKnownFileType = sourcecode.swift; path = MainSceneView.swift; sourceTree = "<group>"; };
		C32A771129B4923000ED5FDB /* Assets.xcassets */ = {isa = PBXFileReference; lastKnownFileType = folder.assetcatalog; path = Assets.xcassets; sourceTree = "<group>"; };
		C32A771429B4923000ED5FDB /* Preview Assets.xcassets */ = {isa = PBXFileReference; lastKnownFileType = folder.assetcatalog; path = "Preview Assets.xcassets"; sourceTree = "<group>"; };
		C32A771B29B492A100ED5FDB /* StageView.swift */ = {isa = PBXFileReference; lastKnownFileType = sourcecode.swift; path = StageView.swift; sourceTree = "<group>"; };
		C32A771D29B492C400ED5FDB /* BackgroundView.swift */ = {isa = PBXFileReference; lastKnownFileType = sourcecode.swift; path = BackgroundView.swift; sourceTree = "<group>"; };
		C32A771F29B492E000ED5FDB /* Branch.swift */ = {isa = PBXFileReference; lastKnownFileType = sourcecode.swift; path = Branch.swift; sourceTree = "<group>"; };
		C32A772129B492EE00ED5FDB /* FractalTree.swift */ = {isa = PBXFileReference; lastKnownFileType = sourcecode.swift; path = FractalTree.swift; sourceTree = "<group>"; };
		C32A772329B4937B00ED5FDB /* Basic.swift */ = {isa = PBXFileReference; lastKnownFileType = sourcecode.swift; path = Basic.swift; sourceTree = "<group>"; };
/* End PBXFileReference section */

/* Begin PBXFrameworksBuildPhase section */
		C32A770729B4922C00ED5FDB /* Frameworks */ = {
			isa = PBXFrameworksBuildPhase;
			buildActionMask = 2147483647;
			files = (
			);
			runOnlyForDeploymentPostprocessing = 0;
		};
/* End PBXFrameworksBuildPhase section */

/* Begin PBXGroup section */
		C32A770129B4922C00ED5FDB = {
			isa = PBXGroup;
			children = (
				C32A770C29B4922C00ED5FDB /* FractalTreePrototype */,
				C32A770B29B4922C00ED5FDB /* Products */,
			);
			sourceTree = "<group>";
		};
		C32A770B29B4922C00ED5FDB /* Products */ = {
			isa = PBXGroup;
			children = (
				C32A770A29B4922C00ED5FDB /* FractalTreePrototype.app */,
			);
			name = Products;
			sourceTree = "<group>";
		};
		C32A770C29B4922C00ED5FDB /* FractalTreePrototype */ = {
			isa = PBXGroup;
			children = (
				C32A770D29B4922C00ED5FDB /* FractalTreePrototypeApp.swift */,
				C32A771B29B492A100ED5FDB /* StageView.swift */,
				C32A770F29B4922C00ED5FDB /* MainSceneView.swift */,
				C32A771D29B492C400ED5FDB /* BackgroundView.swift */,
				C32A771F29B492E000ED5FDB /* Branch.swift */,
				C32A772329B4937B00ED5FDB /* Basic.swift */,
				C32A772129B492EE00ED5FDB /* FractalTree.swift */,
				C32A771129B4923000ED5FDB /* Assets.xcassets */,
				C32A771329B4923000ED5FDB /* Preview Content */,
			);
			path = FractalTreePrototype;
			sourceTree = "<group>";
		};
		C32A771329B4923000ED5FDB /* Preview Content */ = {
			isa = PBXGroup;
			children = (
				C32A771429B4923000ED5FDB /* Preview Assets.xcassets */,
			);
			path = "Preview Content";
			sourceTree = "<group>";
		};
/* End PBXGroup section */

/* Begin PBXNativeTarget section */
		C32A770929B4922C00ED5FDB /* FractalTreePrototype */ = {
			isa = PBXNativeTarget;
			buildConfigurationList = C32A771829B4923000ED5FDB /* Build configuration list for PBXNativeTarget "FractalTreePrototype" */;
			buildPhases = (
				C32A770629B4922C00ED5FDB /* Sources */,
				C32A770729B4922C00ED5FDB /* Frameworks */,
				C32A770829B4922C00ED5FDB /* Resources */,
			);
			buildRules = (
			);
			dependencies = (
			);
			name = FractalTreePrototype;
			productName = FractalTreePrototype;
			productReference = C32A770A29B4922C00ED5FDB /* FractalTreePrototype.app */;
			productType = "com.apple.product-type.application";
		};
/* End PBXNativeTarget section */

/* Begin PBXProject section */
		C32A770229B4922C00ED5FDB /* Project object */ = {
			isa = PBXProject;
			attributes = {
				BuildIndependentTargetsInParallel = 1;
				LastSwiftUpdateCheck = 1420;
				LastUpgradeCheck = 1420;
				TargetAttributes = {
					C32A770929B4922C00ED5FDB = {
						CreatedOnToolsVersion = 14.2;
					};
				};
			};
			buildConfigurationList = C32A770529B4922C00ED5FDB /* Build configuration list for PBXProject "FractalTreePrototype" */;
			compatibilityVersion = "Xcode 14.0";
			developmentRegion = en;
			hasScannedForEncodings = 0;
			knownRegions = (
				en,
				Base,
			);
			mainGroup = C32A770129B4922C00ED5FDB;
			productRefGroup = C32A770B29B4922C00ED5FDB /* Products */;
			projectDirPath = "";
			projectRoot = "";
			targets = (
				C32A770929B4922C00ED5FDB /* FractalTreePrototype */,
			);
		};
/* End PBXProject section */

/* Begin PBXResourcesBuildPhase section */
		C32A770829B4922C00ED5FDB /* Resources */ = {
			isa = PBXResourcesBuildPhase;
			buildActionMask = 2147483647;
			files = (
				C32A771529B4923000ED5FDB /* Preview Assets.xcassets in Resources */,
				C32A771229B4923000ED5FDB /* Assets.xcassets in Resources */,
			);
			runOnlyForDeploymentPostprocessing = 0;
		};
/* End PBXResourcesBuildPhase section */

/* Begin PBXSourcesBuildPhase section */
		C32A770629B4922C00ED5FDB /* Sources */ = {
			isa = PBXSourcesBuildPhase;
			buildActionMask = 2147483647;
			files = (
				C32A771029B4922C00ED5FDB /* MainSceneView.swift in Sources */,
				C32A772229B492EE00ED5FDB /* FractalTree.swift in Sources */,
				C32A772429B4937B00ED5FDB /* Basic.swift in Sources */,
				C32A771C29B492A100ED5FDB /* StageView.swift in Sources */,
				C32A772029B492E000ED5FDB /* Branch.swift in Sources */,
				C32A771E29B492C400ED5FDB /* BackgroundView.swift in Sources */,
				C32A770E29B4922C00ED5FDB /* FractalTreePrototypeApp.swift in Sources */,
			);
			runOnlyForDeploymentPostprocessing = 0;
		};
/* End PBXSourcesBuildPhase section */

/* Begin XCBuildConfiguration section */
		C32A771629B4923000ED5FDB /* Debug */ = {
			isa = XCBuildConfiguration;
			buildSettings = {
				ALWAYS_SEARCH_USER_PATHS = NO;
				CLANG_ANALYZER_NONNULL = YES;
				CLANG_ANALYZER_NUMBER_OBJECT_CONVERSION = YES_AGGRESSIVE;
				CLANG_CXX_LANGUAGE_STANDARD = "gnu++20";
				CLANG_ENABLE_MODULES = YES;
				CLANG_ENABLE_OBJC_ARC = YES;
				CLANG_ENABLE_OBJC_WEAK = YES;
				CLANG_WARN_BLOCK_CAPTURE_AUTORELEASING = YES;
				CLANG_WARN_BOOL_CONVERSION = YES;
				CLANG_WARN_COMMA = YES;
				CLANG_WARN_CONSTANT_CONVERSION = YES;
				CLANG_WARN_DEPRECATED_OBJC_IMPLEMENTATIONS = YES;
				CLANG_WARN_DIRECT_OBJC_ISA_USAGE = YES_ERROR;
				CLANG_WARN_DOCUMENTATION_COMMENTS = YES;
				CLANG_WARN_EMPTY_BODY = YES;
				CLANG_WARN_ENUM_CONVERSION = YES;
				CLANG_WARN_INFINITE_RECURSION = YES;
				CLANG_WARN_INT_CONVERSION = YES;
				CLANG_WARN_NON_LITERAL_NULL_CONVERSION = YES;
				CLANG_WARN_OBJC_IMPLICIT_RETAIN_SELF = YES;
				CLANG_WARN_OBJC_LITERAL_CONVERSION = YES;
				CLANG_WARN_OBJC_ROOT_CLASS = YES_ERROR;
				CLANG_WARN_QUOTED_INCLUDE_IN_FRAMEWORK_HEADER = YES;
				CLANG_WARN_RANGE_LOOP_ANALYSIS = YES;
				CLANG_WARN_STRICT_PROTOTYPES = YES;
				CLANG_WARN_SUSPICIOUS_MOVE = YES;
				CLANG_WARN_UNGUARDED_AVAILABILITY = YES_AGGRESSIVE;
				CLANG_WARN_UNREACHABLE_CODE = YES;
				CLANG_WARN__DUPLICATE_METHOD_MATCH = YES;
				COPY_PHASE_STRIP = NO;
				DEBUG_INFORMATION_FORMAT = dwarf;
				ENABLE_STRICT_OBJC_MSGSEND = YES;
				ENABLE_TESTABILITY = YES;
				GCC_C_LANGUAGE_STANDARD = gnu11;
				GCC_DYNAMIC_NO_PIC = NO;
				GCC_NO_COMMON_BLOCKS = YES;
				GCC_OPTIMIZATION_LEVEL = 0;
				GCC_PREPROCESSOR_DEFINITIONS = (
					"DEBUG=1",
					"$(inherited)",
				);
				GCC_WARN_64_TO_32_BIT_CONVERSION = YES;
				GCC_WARN_ABOUT_RETURN_TYPE = YES_ERROR;
				GCC_WARN_UNDECLARED_SELECTOR = YES;
				GCC_WARN_UNINITIALIZED_AUTOS = YES_AGGRESSIVE;
				GCC_WARN_UNUSED_FUNCTION = YES;
				GCC_WARN_UNUSED_VARIABLE = YES;
				IPHONEOS_DEPLOYMENT_TARGET = 16.2;
				MTL_ENABLE_DEBUG_INFO = INCLUDE_SOURCE;
				MTL_FAST_MATH = YES;
				ONLY_ACTIVE_ARCH = YES;
				SDKROOT = iphoneos;
				SWIFT_ACTIVE_COMPILATION_CONDITIONS = DEBUG;
				SWIFT_OPTIMIZATION_LEVEL = "-Onone";
			};
			name = Debug;
		};
		C32A771729B4923000ED5FDB /* Release */ = {
			isa = XCBuildConfiguration;
			buildSettings = {
				ALWAYS_SEARCH_USER_PATHS = NO;
				CLANG_ANALYZER_NONNULL = YES;
				CLANG_ANALYZER_NUMBER_OBJECT_CONVERSION = YES_AGGRESSIVE;
				CLANG_CXX_LANGUAGE_STANDARD = "gnu++20";
				CLANG_ENABLE_MODULES = YES;
				CLANG_ENABLE_OBJC_ARC = YES;
				CLANG_ENABLE_OBJC_WEAK = YES;
				CLANG_WARN_BLOCK_CAPTURE_AUTORELEASING = YES;
				CLANG_WARN_BOOL_CONVERSION = YES;
				CLANG_WARN_COMMA = YES;
				CLANG_WARN_CONSTANT_CONVERSION = YES;
				CLANG_WARN_DEPRECATED_OBJC_IMPLEMENTATIONS = YES;
				CLANG_WARN_DIRECT_OBJC_ISA_USAGE = YES_ERROR;
				CLANG_WARN_DOCUMENTATION_COMMENTS = YES;
				CLANG_WARN_EMPTY_BODY = YES;
				CLANG_WARN_ENUM_CONVERSION = YES;
				CLANG_WARN_INFINITE_RECURSION = YES;
				CLANG_WARN_INT_CONVERSION = YES;
				CLANG_WARN_NON_LITERAL_NULL_CONVERSION = YES;
				CLANG_WARN_OBJC_IMPLICIT_RETAIN_SELF = YES;
				CLANG_WARN_OBJC_LITERAL_CONVERSION = YES;
				CLANG_WARN_OBJC_ROOT_CLASS = YES_ERROR;
				CLANG_WARN_QUOTED_INCLUDE_IN_FRAMEWORK_HEADER = YES;
				CLANG_WARN_RANGE_LOOP_ANALYSIS = YES;
				CLANG_WARN_STRICT_PROTOTYPES = YES;
				CLANG_WARN_SUSPICIOUS_MOVE = YES;
				CLANG_WARN_UNGUARDED_AVAILABILITY = YES_AGGRESSIVE;
				CLANG_WARN_UNREACHABLE_CODE = YES;
				CLANG_WARN__DUPLICATE_METHOD_MATCH = YES;
				COPY_PHASE_STRIP = NO;
				DEBUG_INFORMATION_FORMAT = "dwarf-with-dsym";
				ENABLE_NS_ASSERTIONS = NO;
				ENABLE_STRICT_OBJC_MSGSEND = YES;
				GCC_C_LANGUAGE_STANDARD = gnu11;
				GCC_NO_COMMON_BLOCKS = YES;
				GCC_WARN_64_TO_32_BIT_CONVERSION = YES;
				GCC_WARN_ABOUT_RETURN_TYPE = YES_ERROR;
				GCC_WARN_UNDECLARED_SELECTOR = YES;
				GCC_WARN_UNINITIALIZED_AUTOS = YES_AGGRESSIVE;
				GCC_WARN_UNUSED_FUNCTION = YES;
				GCC_WARN_UNUSED_VARIABLE = YES;
				IPHONEOS_DEPLOYMENT_TARGET = 16.2;
				MTL_ENABLE_DEBUG_INFO = NO;
				MTL_FAST_MATH = YES;
				SDKROOT = iphoneos;
				SWIFT_COMPILATION_MODE = wholemodule;
				SWIFT_OPTIMIZATION_LEVEL = "-O";
				VALIDATE_PRODUCT = YES;
			};
			name = Release;
		};
		C32A771929B4923000ED5FDB /* Debug */ = {
			isa = XCBuildConfiguration;
			buildSettings = {
				ASSETCATALOG_COMPILER_APPICON_NAME = AppIcon;
				ASSETCATALOG_COMPILER_GLOBAL_ACCENT_COLOR_NAME = AccentColor;
				CODE_SIGN_STYLE = Automatic;
				CURRENT_PROJECT_VERSION = 1;
				DEVELOPMENT_ASSET_PATHS = "\"FractalTreePrototype/Preview Content\"";
				DEVELOPMENT_TEAM = 7QTMMVW6G3;
				ENABLE_PREVIEWS = YES;
				GENERATE_INFOPLIST_FILE = YES;
				INFOPLIST_KEY_UIApplicationSceneManifest_Generation = YES;
				INFOPLIST_KEY_UIApplicationSupportsIndirectInputEvents = YES;
				INFOPLIST_KEY_UILaunchScreen_Generation = YES;
				INFOPLIST_KEY_UISupportedInterfaceOrientations_iPad = "UIInterfaceOrientationPortrait UIInterfaceOrientationPortraitUpsideDown UIInterfaceOrientationLandscapeLeft UIInterfaceOrientationLandscapeRight";
				INFOPLIST_KEY_UISupportedInterfaceOrientations_iPhone = "UIInterfaceOrientationPortrait UIInterfaceOrientationLandscapeLeft UIInterfaceOrientationLandscapeRight";
				LD_RUNPATH_SEARCH_PATHS = (
					"$(inherited)",
					"@executable_path/Frameworks",
				);
				MARKETING_VERSION = 1.0;
				PRODUCT_BUNDLE_IDENTIFIER = com.cyanichord.FractalTreePrototype;
				PRODUCT_NAME = "$(TARGET_NAME)";
				SWIFT_EMIT_LOC_STRINGS = YES;
				SWIFT_VERSION = 5.0;
				TARGETED_DEVICE_FAMILY = "1,2";
			};
			name = Debug;
		};
		C32A771A29B4923000ED5FDB /* Release */ = {
			isa = XCBuildConfiguration;
			buildSettings = {
				ASSETCATALOG_COMPILER_APPICON_NAME = AppIcon;
				ASSETCATALOG_COMPILER_GLOBAL_ACCENT_COLOR_NAME = AccentColor;
				CODE_SIGN_STYLE = Automatic;
				CURRENT_PROJECT_VERSION = 1;
				DEVELOPMENT_ASSET_PATHS = "\"FractalTreePrototype/Preview Content\"";
				DEVELOPMENT_TEAM = 7QTMMVW6G3;
				ENABLE_PREVIEWS = YES;
				GENERATE_INFOPLIST_FILE = YES;
				INFOPLIST_KEY_UIApplicationSceneManifest_Generation = YES;
				INFOPLIST_KEY_UIApplicationSupportsIndirectInputEvents = YES;
				INFOPLIST_KEY_UILaunchScreen_Generation = YES;
				INFOPLIST_KEY_UISupportedInterfaceOrientations_iPad = "UIInterfaceOrientationPortrait UIInterfaceOrientationPortraitUpsideDown UIInterfaceOrientationLandscapeLeft UIInterfaceOrientationLandscapeRight";
				INFOPLIST_KEY_UISupportedInterfaceOrientations_iPhone = "UIInterfaceOrientationPortrait UIInterfaceOrientationLandscapeLeft UIInterfaceOrientationLandscapeRight";
				LD_RUNPATH_SEARCH_PATHS = (
					"$(inherited)",
					"@executable_path/Frameworks",
				);
				MARKETING_VERSION = 1.0;
				PRODUCT_BUNDLE_IDENTIFIER = com.cyanichord.FractalTreePrototype;
				PRODUCT_NAME = "$(TARGET_NAME)";
				SWIFT_EMIT_LOC_STRINGS = YES;
				SWIFT_VERSION = 5.0;
				TARGETED_DEVICE_FAMILY = "1,2";
			};
			name = Release;
		};
/* End XCBuildConfiguration section */

/* Begin XCConfigurationList section */
		C32A770529B4922C00ED5FDB /* Build configuration list for PBXProject "FractalTreePrototype" */ = {
			isa = XCConfigurationList;
			buildConfigurations = (
				C32A771629B4923000ED5FDB /* Debug */,
				C32A771729B4923000ED5FDB /* Release */,
			);
			defaultConfigurationIsVisible = 0;
			defaultConfigurationName = Release;
		};
		C32A771829B4923000ED5FDB /* Build configuration list for PBXNativeTarget "FractalTreePrototype" */ = {
			isa = XCConfigurationList;
			buildConfigurations = (
				C32A771929B4923000ED5FDB /* Debug */,
				C32A771A29B4923000ED5FDB /* Release */,
			);
			defaultConfigurationIsVisible = 0;
			defaultConfigurationName = Release;
		};
/* End XCConfigurationList section */
	};
	rootObject = C32A770229B4922C00ED5FDB /* Project object */;
}
